
Microsoft Visual Studio Solution File, Format Version 12.00
# Visual Studio Version 17
VisualStudioVersion = 17.6.33801.468
MinimumVisualStudioVersion = 10.0.40219.1
Project("{9A19103F-16F7-4668-BE54-9A1E7A4F7556}") = "EventiDelegati1", "EventiDelegati1\EventiDelegati1.csproj", "{1B9BB58B-3AD6-4FE2-9DE1-F0723C52BD17}"
EndProject
Project("{9A19103F-16F7-4668-BE54-9A1E7A4F7556}") = "EventiDelegati2", "EventiDelegati2\EventiDelegati2.csproj", "{729652C5-3DC7-4C37-820C-39934AE47A35}"
EndProject
Project("{9A19103F-16F7-4668-BE54-9A1E7A4F7556}") = "Generics1", "Generics1\Generics1.csproj", "{3CED3B21-4B9D-482F-9C3C-ACC4689CDCD1}"
EndProject
Project("{9A19103F-16F7-4668-BE54-9A1E7A4F7556}") = "Generics2", "Generics2\Generics2.csproj", "{699DB602-8C77-4DFF-BBB3-1498D0CBF188}"
EndProject
Project("{9A19103F-16F7-4668-BE54-9A1E7A4F7556}") = "EsercizioBanca", "EsercizioBanca\EsercizioBanca.csproj", "{F53F6333-EFDE-4CDC-AA6B-C4307B6A923C}"
EndProject
Project("{9A19103F-16F7-4668-BE54-9A1E7A4F7556}") = "DelegatiNET", "DelegatiNET\DelegatiNET.csproj", "{A1335F92-7940-4E3A-98A6-39D0FD22B17E}"
EndProject
Project("{9A19103F-16F7-4668-BE54-9A1E7A4F7556}") = "Thread1", "Thread1\Thread1.csproj", "{DCCC5254-4123-4FC4-B3C2-3BA902F04691}"
EndProject
Project("{9A19103F-16F7-4668-BE54-9A1E7A4F7556}") = "Thread2File", "Thread2File\Thread2File.csproj", "{C093C772-8E3D-40FA-8696-8C917149FADD}"
EndProject
Project("{9A19103F-16F7-4668-BE54-9A1E7A4F7556}") = "AsyncAwait1", "AsyncAwait1\AsyncAwait1.csproj", "{BA7FE5C5-4B66-47FD-B80F-8918D998252B}"
EndProject
Project("{9A19103F-16F7-4668-BE54-9A1E7A4F7556}") = "AsyncAwait2", "AsyncAwait2\AsyncAwait2.csproj", "{08A63975-037E-4753-B6FF-F10257DA55D4}"
EndProject
Project("{9A19103F-16F7-4668-BE54-9A1E7A4F7556}") = "AsyncAwait3", "AsyncAwait3\AsyncAwait3.csproj", "{30B254DF-F805-4DD3-A222-87AF13CD091B}"
EndProject
Project("{9A19103F-16F7-4668-BE54-9A1E7A4F7556}") = "ExtensionsMethods", "ExtensionsMethods\ExtensionsMethods.csproj", "{A18116AA-E8AC-4482-ACA3-E8CF23A81738}"
EndProject
Project("{9A19103F-16F7-4668-BE54-9A1E7A4F7556}") = "PatternSingleton", "PatternSingleton\PatternSingleton.csproj", "{2244841F-0081-47A3-B14E-7C7FD3DA9CF4}"
EndProject
Project("{9A19103F-16F7-4668-BE54-9A1E7A4F7556}") = "PatternFactory", "PatternFactory\PatternFactory.csproj", "{0FBC9DAB-F515-4A6F-9070-F7B3AD9323B9}"
EndProject
Project("{9A19103F-16F7-4668-BE54-9A1E7A4F7556}") = "IniezioneDipendenze", "IniezioneDipendenze\IniezioneDipendenze.csproj", "{F401D440-4546-44AB-8AE3-EFD9122BD323}"
EndProject
Project("{9A19103F-16F7-4668-BE54-9A1E7A4F7556}") = "PatternDecorator", "PatternDecorator\PatternDecorator.csproj", "{83B732E3-792E-41CB-BC03-F8230B507857}"
EndProject
Project("{9A19103F-16F7-4668-BE54-9A1E7A4F7556}") = "PatternStrategy", "PatternStrategy\PatternStrategy.csproj", "{29A0040B-18E0-4FD5-9A23-8E326C26E226}"
EndProject
Project("{9A19103F-16F7-4668-BE54-9A1E7A4F7556}") = "PatternObserver", "PatternObserver\PatternObserver.csproj", "{31519988-D054-4CDC-BEB8-9414625D03C6}"
EndProject
Project("{9A19103F-16F7-4668-BE54-9A1E7A4F7556}") = "HelloEFDBFirst", "HelloEFDBFirst\HelloEFDBFirst.csproj", "{BE2CED3A-F2CB-4994-8F3B-06A134466CB8}"
EndProject
Project("{9A19103F-16F7-4668-BE54-9A1E7A4F7556}") = "LinqEsempi", "LinqEsempi\LinqEsempi.csproj", "{9D0D6D11-4735-4E4E-BA88-8EFE46AC62A3}"
EndProject
Project("{9A19103F-16F7-4668-BE54-9A1E7A4F7556}") = "HelloEFCodeFirst", "HelloEFCodeFirst\HelloEFCodeFirst.csproj", "{C85DE317-7F2F-457D-940E-534D10DBBC00}"
EndProject
Project("{9A19103F-16F7-4668-BE54-9A1E7A4F7556}") = "HelloMVC", "HelloMVC\HelloMVC.csproj", "{BEDA219B-146D-4D93-9774-FE2A38347B02}"
EndProject
Project("{9A19103F-16F7-4668-BE54-9A1E7A4F7556}") = "EseWebTemperature", "EseWebTemperature\EseWebTemperature.csproj", "{D1ADDE9B-DD1A-451E-9127-14B892982388}"
EndProject
Project("{9A19103F-16F7-4668-BE54-9A1E7A4F7556}") = "NegozioMusicaWeb", "NegozioMusicaWeb\NegozioMusicaWeb.csproj", "{87918529-6AFE-4470-8FBF-ABD562D18117}"
EndProject
Project("{9A19103F-16F7-4668-BE54-9A1E7A4F7556}") = "ProvaPowerTools", "ProvaPowerTools\ProvaPowerTools.csproj", "{43CA92D8-4A0D-45A8-BF5C-A99F27B37DC7}"
EndProject
Project("{9A19103F-16F7-4668-BE54-9A1E7A4F7556}") = "NegozioCellulariWeb", "NegozioCellulariWeb\NegozioCellulariWeb.csproj", "{53D25420-E64F-4F69-9D8A-C50705C143AF}"
EndProject
Project("{FAE04EC0-301F-11D3-BF4B-00C04F79EFBC}") = "BibliotecaWeb", "BibliotecaWeb\BibliotecaWeb.csproj", "{A3901CD2-CC37-4317-86EB-7BDF43A30A83}"
EndProject
Project("{FAE04EC0-301F-11D3-BF4B-00C04F79EFBC}") = "LogWeb", "LogWeb\LogWeb.csproj", "{DD82CA7D-8E0B-4142-8E8D-50965FCE3FF4}"
EndProject
Project("{FAE04EC0-301F-11D3-BF4B-00C04F79EFBC}") = "SerilogWeb", "SerilogWeb\SerilogWeb.csproj", "{836D1E1C-C5B2-43CA-BFD1-3EE3347C7BD0}"
EndProject
Global
	GlobalSection(SolutionConfigurationPlatforms) = preSolution
		Debug|Any CPU = Debug|Any CPU
		Release|Any CPU = Release|Any CPU
	EndGlobalSection
	GlobalSection(ProjectConfigurationPlatforms) = postSolution
		{1B9BB58B-3AD6-4FE2-9DE1-F0723C52BD17}.Debug|Any CPU.ActiveCfg = Debug|Any CPU
		{1B9BB58B-3AD6-4FE2-9DE1-F0723C52BD17}.Debug|Any CPU.Build.0 = Debug|Any CPU
		{1B9BB58B-3AD6-4FE2-9DE1-F0723C52BD17}.Release|Any CPU.ActiveCfg = Release|Any CPU
		{1B9BB58B-3AD6-4FE2-9DE1-F0723C52BD17}.Release|Any CPU.Build.0 = Release|Any CPU
		{729652C5-3DC7-4C37-820C-39934AE47A35}.Debug|Any CPU.ActiveCfg = Debug|Any CPU
		{729652C5-3DC7-4C37-820C-39934AE47A35}.Debug|Any CPU.Build.0 = Debug|Any CPU
		{729652C5-3DC7-4C37-820C-39934AE47A35}.Release|Any CPU.ActiveCfg = Release|Any CPU
		{729652C5-3DC7-4C37-820C-39934AE47A35}.Release|Any CPU.Build.0 = Release|Any CPU
		{3CED3B21-4B9D-482F-9C3C-ACC4689CDCD1}.Debug|Any CPU.ActiveCfg = Debug|Any CPU
		{3CED3B21-4B9D-482F-9C3C-ACC4689CDCD1}.Debug|Any CPU.Build.0 = Debug|Any CPU
		{3CED3B21-4B9D-482F-9C3C-ACC4689CDCD1}.Release|Any CPU.ActiveCfg = Release|Any CPU
		{3CED3B21-4B9D-482F-9C3C-ACC4689CDCD1}.Release|Any CPU.Build.0 = Release|Any CPU
		{699DB602-8C77-4DFF-BBB3-1498D0CBF188}.Debug|Any CPU.ActiveCfg = Debug|Any CPU
		{699DB602-8C77-4DFF-BBB3-1498D0CBF188}.Debug|Any CPU.Build.0 = Debug|Any CPU
		{699DB602-8C77-4DFF-BBB3-1498D0CBF188}.Release|Any CPU.ActiveCfg = Release|Any CPU
		{699DB602-8C77-4DFF-BBB3-1498D0CBF188}.Release|Any CPU.Build.0 = Release|Any CPU
		{F53F6333-EFDE-4CDC-AA6B-C4307B6A923C}.Debug|Any CPU.ActiveCfg = Debug|Any CPU
		{F53F6333-EFDE-4CDC-AA6B-C4307B6A923C}.Debug|Any CPU.Build.0 = Debug|Any CPU
		{F53F6333-EFDE-4CDC-AA6B-C4307B6A923C}.Release|Any CPU.ActiveCfg = Release|Any CPU
		{F53F6333-EFDE-4CDC-AA6B-C4307B6A923C}.Release|Any CPU.Build.0 = Release|Any CPU
		{A1335F92-7940-4E3A-98A6-39D0FD22B17E}.Debug|Any CPU.ActiveCfg = Debug|Any CPU
		{A1335F92-7940-4E3A-98A6-39D0FD22B17E}.Debug|Any CPU.Build.0 = Debug|Any CPU
		{A1335F92-7940-4E3A-98A6-39D0FD22B17E}.Release|Any CPU.ActiveCfg = Release|Any CPU
		{A1335F92-7940-4E3A-98A6-39D0FD22B17E}.Release|Any CPU.Build.0 = Release|Any CPU
		{DCCC5254-4123-4FC4-B3C2-3BA902F04691}.Debug|Any CPU.ActiveCfg = Debug|Any CPU
		{DCCC5254-4123-4FC4-B3C2-3BA902F04691}.Debug|Any CPU.Build.0 = Debug|Any CPU
		{DCCC5254-4123-4FC4-B3C2-3BA902F04691}.Release|Any CPU.ActiveCfg = Release|Any CPU
		{DCCC5254-4123-4FC4-B3C2-3BA902F04691}.Release|Any CPU.Build.0 = Release|Any CPU
		{C093C772-8E3D-40FA-8696-8C917149FADD}.Debug|Any CPU.ActiveCfg = Debug|Any CPU
		{C093C772-8E3D-40FA-8696-8C917149FADD}.Debug|Any CPU.Build.0 = Debug|Any CPU
		{C093C772-8E3D-40FA-8696-8C917149FADD}.Release|Any CPU.ActiveCfg = Release|Any CPU
		{C093C772-8E3D-40FA-8696-8C917149FADD}.Release|Any CPU.Build.0 = Release|Any CPU
		{BA7FE5C5-4B66-47FD-B80F-8918D998252B}.Debug|Any CPU.ActiveCfg = Debug|Any CPU
		{BA7FE5C5-4B66-47FD-B80F-8918D998252B}.Debug|Any CPU.Build.0 = Debug|Any CPU
		{BA7FE5C5-4B66-47FD-B80F-8918D998252B}.Release|Any CPU.ActiveCfg = Release|Any CPU
		{BA7FE5C5-4B66-47FD-B80F-8918D998252B}.Release|Any CPU.Build.0 = Release|Any CPU
		{08A63975-037E-4753-B6FF-F10257DA55D4}.Debug|Any CPU.ActiveCfg = Debug|Any CPU
		{08A63975-037E-4753-B6FF-F10257DA55D4}.Debug|Any CPU.Build.0 = Debug|Any CPU
		{08A63975-037E-4753-B6FF-F10257DA55D4}.Release|Any CPU.ActiveCfg = Release|Any CPU
		{08A63975-037E-4753-B6FF-F10257DA55D4}.Release|Any CPU.Build.0 = Release|Any CPU
		{30B254DF-F805-4DD3-A222-87AF13CD091B}.Debug|Any CPU.ActiveCfg = Debug|Any CPU
		{30B254DF-F805-4DD3-A222-87AF13CD091B}.Debug|Any CPU.Build.0 = Debug|Any CPU
		{30B254DF-F805-4DD3-A222-87AF13CD091B}.Release|Any CPU.ActiveCfg = Release|Any CPU
		{30B254DF-F805-4DD3-A222-87AF13CD091B}.Release|Any CPU.Build.0 = Release|Any CPU
		{A18116AA-E8AC-4482-ACA3-E8CF23A81738}.Debug|Any CPU.ActiveCfg = Debug|Any CPU
		{A18116AA-E8AC-4482-ACA3-E8CF23A81738}.Debug|Any CPU.Build.0 = Debug|Any CPU
		{A18116AA-E8AC-4482-ACA3-E8CF23A81738}.Release|Any CPU.ActiveCfg = Release|Any CPU
		{A18116AA-E8AC-4482-ACA3-E8CF23A81738}.Release|Any CPU.Build.0 = Release|Any CPU
		{2244841F-0081-47A3-B14E-7C7FD3DA9CF4}.Debug|Any CPU.ActiveCfg = Debug|Any CPU
		{2244841F-0081-47A3-B14E-7C7FD3DA9CF4}.Debug|Any CPU.Build.0 = Debug|Any CPU
		{2244841F-0081-47A3-B14E-7C7FD3DA9CF4}.Release|Any CPU.ActiveCfg = Release|Any CPU
		{2244841F-0081-47A3-B14E-7C7FD3DA9CF4}.Release|Any CPU.Build.0 = Release|Any CPU
		{0FBC9DAB-F515-4A6F-9070-F7B3AD9323B9}.Debug|Any CPU.ActiveCfg = Debug|Any CPU
		{0FBC9DAB-F515-4A6F-9070-F7B3AD9323B9}.Debug|Any CPU.Build.0 = Debug|Any CPU
		{0FBC9DAB-F515-4A6F-9070-F7B3AD9323B9}.Release|Any CPU.ActiveCfg = Release|Any CPU
		{0FBC9DAB-F515-4A6F-9070-F7B3AD9323B9}.Release|Any CPU.Build.0 = Release|Any CPU
		{F401D440-4546-44AB-8AE3-EFD9122BD323}.Debug|Any CPU.ActiveCfg = Debug|Any CPU
		{F401D440-4546-44AB-8AE3-EFD9122BD323}.Debug|Any CPU.Build.0 = Debug|Any CPU
		{F401D440-4546-44AB-8AE3-EFD9122BD323}.Release|Any CPU.ActiveCfg = Release|Any CPU
		{F401D440-4546-44AB-8AE3-EFD9122BD323}.Release|Any CPU.Build.0 = Release|Any CPU
		{83B732E3-792E-41CB-BC03-F8230B507857}.Debug|Any CPU.ActiveCfg = Debug|Any CPU
		{83B732E3-792E-41CB-BC03-F8230B507857}.Debug|Any CPU.Build.0 = Debug|Any CPU
		{83B732E3-792E-41CB-BC03-F8230B507857}.Release|Any CPU.ActiveCfg = Release|Any CPU
		{83B732E3-792E-41CB-BC03-F8230B507857}.Release|Any CPU.Build.0 = Release|Any CPU
		{29A0040B-18E0-4FD5-9A23-8E326C26E226}.Debug|Any CPU.ActiveCfg = Debug|Any CPU
		{29A0040B-18E0-4FD5-9A23-8E326C26E226}.Debug|Any CPU.Build.0 = Debug|Any CPU
		{29A0040B-18E0-4FD5-9A23-8E326C26E226}.Release|Any CPU.ActiveCfg = Release|Any CPU
		{29A0040B-18E0-4FD5-9A23-8E326C26E226}.Release|Any CPU.Build.0 = Release|Any CPU
		{31519988-D054-4CDC-BEB8-9414625D03C6}.Debug|Any CPU.ActiveCfg = Debug|Any CPU
		{31519988-D054-4CDC-BEB8-9414625D03C6}.Debug|Any CPU.Build.0 = Debug|Any CPU
		{31519988-D054-4CDC-BEB8-9414625D03C6}.Release|Any CPU.ActiveCfg = Release|Any CPU
		{31519988-D054-4CDC-BEB8-9414625D03C6}.Release|Any CPU.Build.0 = Release|Any CPU
		{BE2CED3A-F2CB-4994-8F3B-06A134466CB8}.Debug|Any CPU.ActiveCfg = Debug|Any CPU
		{BE2CED3A-F2CB-4994-8F3B-06A134466CB8}.Debug|Any CPU.Build.0 = Debug|Any CPU
		{BE2CED3A-F2CB-4994-8F3B-06A134466CB8}.Release|Any CPU.ActiveCfg = Release|Any CPU
		{BE2CED3A-F2CB-4994-8F3B-06A134466CB8}.Release|Any CPU.Build.0 = Release|Any CPU
		{9D0D6D11-4735-4E4E-BA88-8EFE46AC62A3}.Debug|Any CPU.ActiveCfg = Debug|Any CPU
		{9D0D6D11-4735-4E4E-BA88-8EFE46AC62A3}.Debug|Any CPU.Build.0 = Debug|Any CPU
		{9D0D6D11-4735-4E4E-BA88-8EFE46AC62A3}.Release|Any CPU.ActiveCfg = Release|Any CPU
		{9D0D6D11-4735-4E4E-BA88-8EFE46AC62A3}.Release|Any CPU.Build.0 = Release|Any CPU
		{C85DE317-7F2F-457D-940E-534D10DBBC00}.Debug|Any CPU.ActiveCfg = Debug|Any CPU
		{C85DE317-7F2F-457D-940E-534D10DBBC00}.Debug|Any CPU.Build.0 = Debug|Any CPU
		{C85DE317-7F2F-457D-940E-534D10DBBC00}.Release|Any CPU.ActiveCfg = Release|Any CPU
		{C85DE317-7F2F-457D-940E-534D10DBBC00}.Release|Any CPU.Build.0 = Release|Any CPU
		{BEDA219B-146D-4D93-9774-FE2A38347B02}.Debug|Any CPU.ActiveCfg = Debug|Any CPU
		{BEDA219B-146D-4D93-9774-FE2A38347B02}.Debug|Any CPU.Build.0 = Debug|Any CPU
		{BEDA219B-146D-4D93-9774-FE2A38347B02}.Release|Any CPU.ActiveCfg = Release|Any CPU
		{BEDA219B-146D-4D93-9774-FE2A38347B02}.Release|Any CPU.Build.0 = Release|Any CPU
		{D1ADDE9B-DD1A-451E-9127-14B892982388}.Debug|Any CPU.ActiveCfg = Debug|Any CPU
		{D1ADDE9B-DD1A-451E-9127-14B892982388}.Debug|Any CPU.Build.0 = Debug|Any CPU
		{D1ADDE9B-DD1A-451E-9127-14B892982388}.Release|Any CPU.ActiveCfg = Release|Any CPU
		{D1ADDE9B-DD1A-451E-9127-14B892982388}.Release|Any CPU.Build.0 = Release|Any CPU
		{87918529-6AFE-4470-8FBF-ABD562D18117}.Debug|Any CPU.ActiveCfg = Debug|Any CPU
		{87918529-6AFE-4470-8FBF-ABD562D18117}.Debug|Any CPU.Build.0 = Debug|Any CPU
		{87918529-6AFE-4470-8FBF-ABD562D18117}.Release|Any CPU.ActiveCfg = Release|Any CPU
		{87918529-6AFE-4470-8FBF-ABD562D18117}.Release|Any CPU.Build.0 = Release|Any CPU
		{43CA92D8-4A0D-45A8-BF5C-A99F27B37DC7}.Debug|Any CPU.ActiveCfg = Debug|Any CPU
		{43CA92D8-4A0D-45A8-BF5C-A99F27B37DC7}.Debug|Any CPU.Build.0 = Debug|Any CPU
		{43CA92D8-4A0D-45A8-BF5C-A99F27B37DC7}.Release|Any CPU.ActiveCfg = Release|Any CPU
		{43CA92D8-4A0D-45A8-BF5C-A99F27B37DC7}.Release|Any CPU.Build.0 = Release|Any CPU
		{53D25420-E64F-4F69-9D8A-C50705C143AF}.Debug|Any CPU.ActiveCfg = Debug|Any CPU
		{53D25420-E64F-4F69-9D8A-C50705C143AF}.Debug|Any CPU.Build.0 = Debug|Any CPU
		{53D25420-E64F-4F69-9D8A-C50705C143AF}.Release|Any CPU.ActiveCfg = Release|Any CPU
		{53D25420-E64F-4F69-9D8A-C50705C143AF}.Release|Any CPU.Build.0 = Release|Any CPU
		{A3901CD2-CC37-4317-86EB-7BDF43A30A83}.Debug|Any CPU.ActiveCfg = Debug|Any CPU
		{A3901CD2-CC37-4317-86EB-7BDF43A30A83}.Debug|Any CPU.Build.0 = Debug|Any CPU
		{A3901CD2-CC37-4317-86EB-7BDF43A30A83}.Release|Any CPU.ActiveCfg = Release|Any CPU
		{A3901CD2-CC37-4317-86EB-7BDF43A30A83}.Release|Any CPU.Build.0 = Release|Any CPU
		{DD82CA7D-8E0B-4142-8E8D-50965FCE3FF4}.Debug|Any CPU.ActiveCfg = Debug|Any CPU
		{DD82CA7D-8E0B-4142-8E8D-50965FCE3FF4}.Debug|Any CPU.Build.0 = Debug|Any CPU
		{DD82CA7D-8E0B-4142-8E8D-50965FCE3FF4}.Release|Any CPU.ActiveCfg = Release|Any CPU
		{DD82CA7D-8E0B-4142-8E8D-50965FCE3FF4}.Release|Any CPU.Build.0 = Release|Any CPU
		{836D1E1C-C5B2-43CA-BFD1-3EE3347C7BD0}.Debug|Any CPU.ActiveCfg = Debug|Any CPU
		{836D1E1C-C5B2-43CA-BFD1-3EE3347C7BD0}.Debug|Any CPU.Build.0 = Debug|Any CPU
		{836D1E1C-C5B2-43CA-BFD1-3EE3347C7BD0}.Release|Any CPU.ActiveCfg = Release|Any CPU
		{836D1E1C-C5B2-43CA-BFD1-3EE3347C7BD0}.Release|Any CPU.Build.0 = Release|Any CPU
	EndGlobalSection
	GlobalSection(SolutionProperties) = preSolution
		HideSolutionNode = FALSE
	EndGlobalSection
	GlobalSection(ExtensibilityGlobals) = postSolution
		SolutionGuid = {416869CE-0E03-4D3A-9689-1E5460AF482C}
	EndGlobalSection
EndGlobal
